
Microsoft Visual Studio Solution File, Format Version 12.00
# Visual Studio Version 17
VisualStudioVersion = 17.6.33815.320
MinimumVisualStudioVersion = 10.0.40219.1
Project("{FAE04EC0-301F-11D3-BF4B-00C04F79EFBC}") = "ProductsWebApp", "ProductsWebApp\ProductsWebApp.csproj", "{0EC93ED1-E428-4FDD-9F9F-F1ACBE6F4716}"
EndProject
Global
	GlobalSection(SolutionConfigurationPlatforms) = preSolution
		Debug|Any CPU = Debug|Any CPU
		Release|Any CPU = Release|Any CPU
	EndGlobalSection
	GlobalSection(ProjectConfigurationPlatforms) = postSolution
		{0EC93ED1-E428-4FDD-9F9F-F1ACBE6F4716}.Debug|Any CPU.ActiveCfg = Debug|Any CPU
		{0EC93ED1-E428-4FDD-9F9F-F1ACBE6F4716}.Debug|Any CPU.Build.0 = Debug|Any CPU
		{0EC93ED1-E428-4FDD-9F9F-F1ACBE6F4716}.Release|Any CPU.ActiveCfg = Release|Any CPU
		{0EC93ED1-E428-4FDD-9F9F-F1ACBE6F4716}.Release|Any CPU.Build.0 = Release|Any CPU
	EndGlobalSection
	GlobalSection(SolutionProperties) = preSolution
		HideSolutionNode = FALSE
	EndGlobalSection
	GlobalSection(ExtensibilityGlobals) = postSolution
		SolutionGuid = {642578D6-A6E2-4046-9254-7B49561B8361}
	EndGlobalSection
EndGlobal
