
Microsoft Visual Studio Solution File, Format Version 12.00
# Visual Studio Version 17
VisualStudioVersion = 17.6.33815.320
MinimumVisualStudioVersion = 10.0.40219.1
Project("{FAE04EC0-301F-11D3-BF4B-00C04F79EFBC}") = "FindBugApp", "FindBugApp\FindBugApp.csproj", "{34EB24AA-C7BA-4EEC-BF76-3C160C6FC305}"
EndProject
Global
	GlobalSection(SolutionConfigurationPlatforms) = preSolution
		Debug|Any CPU = Debug|Any CPU
		Release|Any CPU = Release|Any CPU
	EndGlobalSection
	GlobalSection(ProjectConfigurationPlatforms) = postSolution
		{34EB24AA-C7BA-4EEC-BF76-3C160C6FC305}.Debug|Any CPU.ActiveCfg = Debug|Any CPU
		{34EB24AA-C7BA-4EEC-BF76-3C160C6FC305}.Debug|Any CPU.Build.0 = Debug|Any CPU
		{34EB24AA-C7BA-4EEC-BF76-3C160C6FC305}.Release|Any CPU.ActiveCfg = Release|Any CPU
		{34EB24AA-C7BA-4EEC-BF76-3C160C6FC305}.Release|Any CPU.Build.0 = Release|Any CPU
	EndGlobalSection
	GlobalSection(SolutionProperties) = preSolution
		HideSolutionNode = FALSE
	EndGlobalSection
	GlobalSection(ExtensibilityGlobals) = postSolution
		SolutionGuid = {06FC02C8-DF2E-43A0-B6CE-AB48997CCD76}
	EndGlobalSection
EndGlobal
